
Microsoft Visual Studio Solution File, Format Version 12.00
# Visual Studio Version 16
VisualStudioVersion = 16.0.30804.86
MinimumVisualStudioVersion = 10.0.40219.1
Project("{FAE04EC0-301F-11D3-BF4B-00C04F79EFBC}") = "HW_1", "HW_1\HW_1.csproj", "{CE63AC58-5C71-4D09-BD08-ACEB0A076D14}"
EndProject
Global
	GlobalSection(SolutionConfigurationPlatforms) = preSolution
		Debug|Any CPU = Debug|Any CPU
		Release|Any CPU = Release|Any CPU
	EndGlobalSection
	GlobalSection(ProjectConfigurationPlatforms) = postSolution
		{CE63AC58-5C71-4D09-BD08-ACEB0A076D14}.Debug|Any CPU.ActiveCfg = Debug|Any CPU
		{CE63AC58-5C71-4D09-BD08-ACEB0A076D14}.Debug|Any CPU.Build.0 = Debug|Any CPU
		{CE63AC58-5C71-4D09-BD08-ACEB0A076D14}.Release|Any CPU.ActiveCfg = Release|Any CPU
		{CE63AC58-5C71-4D09-BD08-ACEB0A076D14}.Release|Any CPU.Build.0 = Release|Any CPU
	EndGlobalSection
	GlobalSection(SolutionProperties) = preSolution
		HideSolutionNode = FALSE
	EndGlobalSection
	GlobalSection(ExtensibilityGlobals) = postSolution
		SolutionGuid = {234F1FC7-519F-4613-94BB-4E787CEDAA10}
	EndGlobalSection
EndGlobal
